// !$*UTF8*$!
{
	archiveVersion = 1;
	classes = {
	};
	objectVersion = 56;
	objects = {

/* Begin PBXBuildFile section */
		543918F52A4AEB13001DC414 /* PostService.swift in Sources */ = {isa = PBXBuildFile; fileRef = 543918F42A4AEB13001DC414 /* PostService.swift */; };
		543918F82A4AEE44001DC414 /* PostGridViewModel.swift in Sources */ = {isa = PBXBuildFile; fileRef = 543918F72A4AEE44001DC414 /* PostGridViewModel.swift */; };
		544DFD9C2A4565E200E747C2 /* LoginView.swift in Sources */ = {isa = PBXBuildFile; fileRef = 544DFD9B2A4565E200E747C2 /* LoginView.swift */; };
		544DFD9E2A4572B800E747C2 /* AddEmailView.swift in Sources */ = {isa = PBXBuildFile; fileRef = 544DFD9D2A4572B800E747C2 /* AddEmailView.swift */; };
		544DFDA02A4577A900E747C2 /* IGTextFieldModifier.swift in Sources */ = {isa = PBXBuildFile; fileRef = 544DFD9F2A4577A900E747C2 /* IGTextFieldModifier.swift */; };
		544DFDA22A459DC400E747C2 /* CreateUserNameView.swift in Sources */ = {isa = PBXBuildFile; fileRef = 544DFDA12A459DC400E747C2 /* CreateUserNameView.swift */; };
		544DFDA42A45A37000E747C2 /* CreatePasswordView.swift in Sources */ = {isa = PBXBuildFile; fileRef = 544DFDA32A45A37000E747C2 /* CreatePasswordView.swift */; };
		544DFDA62A45A47C00E747C2 /* CompleteSignupView.swift in Sources */ = {isa = PBXBuildFile; fileRef = 544DFDA52A45A47C00E747C2 /* CompleteSignupView.swift */; };
		544DFDA82A45AA0400E747C2 /* User.swift in Sources */ = {isa = PBXBuildFile; fileRef = 544DFDA72A45AA0400E747C2 /* User.swift */; };
		544DFDAA2A46F38B00E747C2 /* SecondPersonProfileView.swift in Sources */ = {isa = PBXBuildFile; fileRef = 544DFDA92A46F38B00E747C2 /* SecondPersonProfileView.swift */; };
		544DFDAC2A47017100E747C2 /* Post.swift in Sources */ = {isa = PBXBuildFile; fileRef = 544DFDAB2A47017100E747C2 /* Post.swift */; };
		544DFDB02A47398200E747C2 /* PostGridView.swift in Sources */ = {isa = PBXBuildFile; fileRef = 544DFDAF2A47398200E747C2 /* PostGridView.swift */; };
		544DFDB22A473B5700E747C2 /* ProfileHeaderView.swift in Sources */ = {isa = PBXBuildFile; fileRef = 544DFDB12A473B5700E747C2 /* ProfileHeaderView.swift */; };
		544DFDB42A47416E00E747C2 /* UploadPost.swift in Sources */ = {isa = PBXBuildFile; fileRef = 544DFDB32A47416E00E747C2 /* UploadPost.swift */; };
		544DFDB62A4751C300E747C2 /* UploadPostViewModel.swift in Sources */ = {isa = PBXBuildFile; fileRef = 544DFDB52A4751C300E747C2 /* UploadPostViewModel.swift */; };
		544DFDB82A4761A400E747C2 /* GoogleService-Info.plist in Resources */ = {isa = PBXBuildFile; fileRef = 544DFDB72A4761A400E747C2 /* GoogleService-Info.plist */; };
		544DFDBB2A47642B00E747C2 /* FirebaseAuth in Frameworks */ = {isa = PBXBuildFile; productRef = 544DFDBA2A47642B00E747C2 /* FirebaseAuth */; };
		544DFDBD2A47642B00E747C2 /* FirebaseFirestore in Frameworks */ = {isa = PBXBuildFile; productRef = 544DFDBC2A47642B00E747C2 /* FirebaseFirestore */; };
		544DFDBF2A47642B00E747C2 /* FirebaseFirestoreSwift in Frameworks */ = {isa = PBXBuildFile; productRef = 544DFDBE2A47642B00E747C2 /* FirebaseFirestoreSwift */; };
		544DFDC12A47642B00E747C2 /* FirebaseStorage in Frameworks */ = {isa = PBXBuildFile; productRef = 544DFDC02A47642B00E747C2 /* FirebaseStorage */; };
		544DFDC52A4764C100E747C2 /* AuthService.swift in Sources */ = {isa = PBXBuildFile; fileRef = 544DFDC42A4764C100E747C2 /* AuthService.swift */; };
		544DFDC82A4766CF00E747C2 /* ContentViewModel.swift in Sources */ = {isa = PBXBuildFile; fileRef = 544DFDC72A4766CF00E747C2 /* ContentViewModel.swift */; };
		544DFDCB2A476E2E00E747C2 /* RegistrationViewModel.swift in Sources */ = {isa = PBXBuildFile; fileRef = 544DFDCA2A476E2E00E747C2 /* RegistrationViewModel.swift */; };
		544DFDCE2A482A9200E747C2 /* LoginViewModel.swift in Sources */ = {isa = PBXBuildFile; fileRef = 544DFDCD2A482A9200E747C2 /* LoginViewModel.swift */; };
		544DFDD02A484EEC00E747C2 /* UserService.swift in Sources */ = {isa = PBXBuildFile; fileRef = 544DFDCF2A484EEC00E747C2 /* UserService.swift */; };
		544DFDD22A48504C00E747C2 /* SeachViewModel.swift in Sources */ = {isa = PBXBuildFile; fileRef = 544DFDD12A48504C00E747C2 /* SeachViewModel.swift */; };
		544DFDD42A489A5400E747C2 /* EditProfileView.swift in Sources */ = {isa = PBXBuildFile; fileRef = 544DFDD32A489A5400E747C2 /* EditProfileView.swift */; };
		544DFDD82A48A15400E747C2 /* EditProfileViewModel.swift in Sources */ = {isa = PBXBuildFile; fileRef = 544DFDD72A48A15400E747C2 /* EditProfileViewModel.swift */; };
		544DFDDA2A48B7C200E747C2 /* ImageUploaderService.swift in Sources */ = {isa = PBXBuildFile; fileRef = 544DFDD92A48B7C200E747C2 /* ImageUploaderService.swift */; };
		544DFDDD2A48BBB900E747C2 /* Kingfisher in Frameworks */ = {isa = PBXBuildFile; productRef = 544DFDDC2A48BBB900E747C2 /* Kingfisher */; };
		544DFDE12A48BC0F00E747C2 /* CircularProfileImageView.swift in Sources */ = {isa = PBXBuildFile; fileRef = 544DFDE02A48BC0F00E747C2 /* CircularProfileImageView.swift */; };
		544DFDF32A49C96400E747C2 /* FeedViewModel.swift in Sources */ = {isa = PBXBuildFile; fileRef = 544DFDF22A49C96400E747C2 /* FeedViewModel.swift */; };
		545DE6412A44C2BB006C3EE3 /* InstagramCloneApp.swift in Sources */ = {isa = PBXBuildFile; fileRef = 545DE6402A44C2BB006C3EE3 /* InstagramCloneApp.swift */; };
		545DE6432A44C2BB006C3EE3 /* ContentView.swift in Sources */ = {isa = PBXBuildFile; fileRef = 545DE6422A44C2BB006C3EE3 /* ContentView.swift */; };
		545DE6452A44C2BC006C3EE3 /* Assets.xcassets in Resources */ = {isa = PBXBuildFile; fileRef = 545DE6442A44C2BC006C3EE3 /* Assets.xcassets */; };
		545DE6482A44C2BC006C3EE3 /* Preview Assets.xcassets in Resources */ = {isa = PBXBuildFile; fileRef = 545DE6472A44C2BC006C3EE3 /* Preview Assets.xcassets */; };
		545DE65E2A44C608006C3EE3 /* MainTabView.swift in Sources */ = {isa = PBXBuildFile; fileRef = 545DE65D2A44C608006C3EE3 /* MainTabView.swift */; };
		545DE6602A44C802006C3EE3 /* ProfileView.swift in Sources */ = {isa = PBXBuildFile; fileRef = 545DE65F2A44C802006C3EE3 /* ProfileView.swift */; };
		545DE6632A44D03E006C3EE3 /* UserStatView.swift in Sources */ = {isa = PBXBuildFile; fileRef = 545DE6622A44D03E006C3EE3 /* UserStatView.swift */; };
		545DE6652A44ED1C006C3EE3 /* FeedView.swift in Sources */ = {isa = PBXBuildFile; fileRef = 545DE6642A44ED1C006C3EE3 /* FeedView.swift */; };
		545DE6672A44ED23006C3EE3 /* FeedCell.swift in Sources */ = {isa = PBXBuildFile; fileRef = 545DE6662A44ED23006C3EE3 /* FeedCell.swift */; };
		547B07432A44FC1B0088563B /* SearchView.swift in Sources */ = {isa = PBXBuildFile; fileRef = 547B07422A44FC1B0088563B /* SearchView.swift */; };
/* End PBXBuildFile section */

/* Begin PBXFileReference section */
		543918F42A4AEB13001DC414 /* PostService.swift */ = {isa = PBXFileReference; lastKnownFileType = sourcecode.swift; path = PostService.swift; sourceTree = "<group>"; };
		543918F72A4AEE44001DC414 /* PostGridViewModel.swift */ = {isa = PBXFileReference; lastKnownFileType = sourcecode.swift; path = PostGridViewModel.swift; sourceTree = "<group>"; };
		544DFD9B2A4565E200E747C2 /* LoginView.swift */ = {isa = PBXFileReference; lastKnownFileType = sourcecode.swift; path = LoginView.swift; sourceTree = "<group>"; };
		544DFD9D2A4572B800E747C2 /* AddEmailView.swift */ = {isa = PBXFileReference; lastKnownFileType = sourcecode.swift; path = AddEmailView.swift; sourceTree = "<group>"; };
		544DFD9F2A4577A900E747C2 /* IGTextFieldModifier.swift */ = {isa = PBXFileReference; lastKnownFileType = sourcecode.swift; path = IGTextFieldModifier.swift; sourceTree = "<group>"; };
		544DFDA12A459DC400E747C2 /* CreateUserNameView.swift */ = {isa = PBXFileReference; lastKnownFileType = sourcecode.swift; path = CreateUserNameView.swift; sourceTree = "<group>"; };
		544DFDA32A45A37000E747C2 /* CreatePasswordView.swift */ = {isa = PBXFileReference; lastKnownFileType = sourcecode.swift; path = CreatePasswordView.swift; sourceTree = "<group>"; };
		544DFDA52A45A47C00E747C2 /* CompleteSignupView.swift */ = {isa = PBXFileReference; lastKnownFileType = sourcecode.swift; path = CompleteSignupView.swift; sourceTree = "<group>"; };
		544DFDA72A45AA0400E747C2 /* User.swift */ = {isa = PBXFileReference; lastKnownFileType = sourcecode.swift; path = User.swift; sourceTree = "<group>"; };
		544DFDA92A46F38B00E747C2 /* SecondPersonProfileView.swift */ = {isa = PBXFileReference; lastKnownFileType = sourcecode.swift; path = SecondPersonProfileView.swift; sourceTree = "<group>"; };
		544DFDAB2A47017100E747C2 /* Post.swift */ = {isa = PBXFileReference; lastKnownFileType = sourcecode.swift; path = Post.swift; sourceTree = "<group>"; };
		544DFDAF2A47398200E747C2 /* PostGridView.swift */ = {isa = PBXFileReference; lastKnownFileType = sourcecode.swift; path = PostGridView.swift; sourceTree = "<group>"; };
		544DFDB12A473B5700E747C2 /* ProfileHeaderView.swift */ = {isa = PBXFileReference; lastKnownFileType = sourcecode.swift; path = ProfileHeaderView.swift; sourceTree = "<group>"; };
		544DFDB32A47416E00E747C2 /* UploadPost.swift */ = {isa = PBXFileReference; lastKnownFileType = sourcecode.swift; path = UploadPost.swift; sourceTree = "<group>"; };
		544DFDB52A4751C300E747C2 /* UploadPostViewModel.swift */ = {isa = PBXFileReference; lastKnownFileType = sourcecode.swift; path = UploadPostViewModel.swift; sourceTree = "<group>"; };
		544DFDB72A4761A400E747C2 /* GoogleService-Info.plist */ = {isa = PBXFileReference; fileEncoding = 4; lastKnownFileType = text.plist.xml; path = "GoogleService-Info.plist"; sourceTree = "<group>"; };
		544DFDC42A4764C100E747C2 /* AuthService.swift */ = {isa = PBXFileReference; lastKnownFileType = sourcecode.swift; path = AuthService.swift; sourceTree = "<group>"; };
		544DFDC72A4766CF00E747C2 /* ContentViewModel.swift */ = {isa = PBXFileReference; lastKnownFileType = sourcecode.swift; path = ContentViewModel.swift; sourceTree = "<group>"; };
		544DFDCA2A476E2E00E747C2 /* RegistrationViewModel.swift */ = {isa = PBXFileReference; lastKnownFileType = sourcecode.swift; path = RegistrationViewModel.swift; sourceTree = "<group>"; };
		544DFDCD2A482A9200E747C2 /* LoginViewModel.swift */ = {isa = PBXFileReference; lastKnownFileType = sourcecode.swift; path = LoginViewModel.swift; sourceTree = "<group>"; };
		544DFDCF2A484EEC00E747C2 /* UserService.swift */ = {isa = PBXFileReference; lastKnownFileType = sourcecode.swift; path = UserService.swift; sourceTree = "<group>"; };
		544DFDD12A48504C00E747C2 /* SeachViewModel.swift */ = {isa = PBXFileReference; lastKnownFileType = sourcecode.swift; path = SeachViewModel.swift; sourceTree = "<group>"; };
		544DFDD32A489A5400E747C2 /* EditProfileView.swift */ = {isa = PBXFileReference; lastKnownFileType = sourcecode.swift; path = EditProfileView.swift; sourceTree = "<group>"; };
		544DFDD72A48A15400E747C2 /* EditProfileViewModel.swift */ = {isa = PBXFileReference; lastKnownFileType = sourcecode.swift; path = EditProfileViewModel.swift; sourceTree = "<group>"; };
		544DFDD92A48B7C200E747C2 /* ImageUploaderService.swift */ = {isa = PBXFileReference; lastKnownFileType = sourcecode.swift; path = ImageUploaderService.swift; sourceTree = "<group>"; };
		544DFDE02A48BC0F00E747C2 /* CircularProfileImageView.swift */ = {isa = PBXFileReference; lastKnownFileType = sourcecode.swift; path = CircularProfileImageView.swift; sourceTree = "<group>"; };
		544DFDF22A49C96400E747C2 /* FeedViewModel.swift */ = {isa = PBXFileReference; lastKnownFileType = sourcecode.swift; path = FeedViewModel.swift; sourceTree = "<group>"; };
		545DE63D2A44C2BB006C3EE3 /* InstagramClone.app */ = {isa = PBXFileReference; explicitFileType = wrapper.application; includeInIndex = 0; path = InstagramClone.app; sourceTree = BUILT_PRODUCTS_DIR; };
		545DE6402A44C2BB006C3EE3 /* InstagramCloneApp.swift */ = {isa = PBXFileReference; lastKnownFileType = sourcecode.swift; path = InstagramCloneApp.swift; sourceTree = "<group>"; };
		545DE6422A44C2BB006C3EE3 /* ContentView.swift */ = {isa = PBXFileReference; lastKnownFileType = sourcecode.swift; path = ContentView.swift; sourceTree = "<group>"; };
		545DE6442A44C2BC006C3EE3 /* Assets.xcassets */ = {isa = PBXFileReference; lastKnownFileType = folder.assetcatalog; path = Assets.xcassets; sourceTree = "<group>"; };
		545DE6472A44C2BC006C3EE3 /* Preview Assets.xcassets */ = {isa = PBXFileReference; lastKnownFileType = folder.assetcatalog; path = "Preview Assets.xcassets"; sourceTree = "<group>"; };
		545DE65D2A44C608006C3EE3 /* MainTabView.swift */ = {isa = PBXFileReference; lastKnownFileType = sourcecode.swift; path = MainTabView.swift; sourceTree = "<group>"; };
		545DE65F2A44C802006C3EE3 /* ProfileView.swift */ = {isa = PBXFileReference; lastKnownFileType = sourcecode.swift; path = ProfileView.swift; sourceTree = "<group>"; };
		545DE6622A44D03E006C3EE3 /* UserStatView.swift */ = {isa = PBXFileReference; lastKnownFileType = sourcecode.swift; path = UserStatView.swift; sourceTree = "<group>"; };
		545DE6642A44ED1C006C3EE3 /* FeedView.swift */ = {isa = PBXFileReference; lastKnownFileType = sourcecode.swift; path = FeedView.swift; sourceTree = "<group>"; };
		545DE6662A44ED23006C3EE3 /* FeedCell.swift */ = {isa = PBXFileReference; lastKnownFileType = sourcecode.swift; path = FeedCell.swift; sourceTree = "<group>"; };
		547B07422A44FC1B0088563B /* SearchView.swift */ = {isa = PBXFileReference; lastKnownFileType = sourcecode.swift; path = SearchView.swift; sourceTree = "<group>"; };
/* End PBXFileReference section */

/* Begin PBXFrameworksBuildPhase section */
		545DE63A2A44C2BB006C3EE3 /* Frameworks */ = {
			isa = PBXFrameworksBuildPhase;
			buildActionMask = 2147483647;
			files = (
				544DFDBB2A47642B00E747C2 /* FirebaseAuth in Frameworks */,
				544DFDC12A47642B00E747C2 /* FirebaseStorage in Frameworks */,
				544DFDBD2A47642B00E747C2 /* FirebaseFirestore in Frameworks */,
				544DFDBF2A47642B00E747C2 /* FirebaseFirestoreSwift in Frameworks */,
				544DFDDD2A48BBB900E747C2 /* Kingfisher in Frameworks */,
			);
			runOnlyForDeploymentPostprocessing = 0;
		};
/* End PBXFrameworksBuildPhase section */

/* Begin PBXGroup section */
		543918F62A4AEE1D001DC414 /* View */ = {
			isa = PBXGroup;
			children = (
				545DE6622A44D03E006C3EE3 /* UserStatView.swift */,
				544DFD9F2A4577A900E747C2 /* IGTextFieldModifier.swift */,
				544DFDAF2A47398200E747C2 /* PostGridView.swift */,
				544DFDB12A473B5700E747C2 /* ProfileHeaderView.swift */,
				544DFDE02A48BC0F00E747C2 /* CircularProfileImageView.swift */,
			);
			path = View;
			sourceTree = "<group>";
		};
		544DFDC22A47649700E747C2 /* View */ = {
			isa = PBXGroup;
			children = (
				544DFD9B2A4565E200E747C2 /* LoginView.swift */,
				544DFD9D2A4572B800E747C2 /* AddEmailView.swift */,
				544DFDA12A459DC400E747C2 /* CreateUserNameView.swift */,
				544DFDA32A45A37000E747C2 /* CreatePasswordView.swift */,
				544DFDA52A45A47C00E747C2 /* CompleteSignupView.swift */,
			);
			path = View;
			sourceTree = "<group>";
		};
		544DFDC32A4764B400E747C2 /* Service */ = {
			isa = PBXGroup;
			children = (
				544DFDC42A4764C100E747C2 /* AuthService.swift */,
			);
			path = Service;
			sourceTree = "<group>";
		};
		544DFDC62A4766C000E747C2 /* View */ = {
			isa = PBXGroup;
			children = (
				545DE6422A44C2BB006C3EE3 /* ContentView.swift */,
			);
			path = View;
			sourceTree = "<group>";
		};
		544DFDC92A4766D300E747C2 /* ViewModel */ = {
			isa = PBXGroup;
			children = (
				544DFDC72A4766CF00E747C2 /* ContentViewModel.swift */,
			);
			path = ViewModel;
			sourceTree = "<group>";
		};
		544DFDCC2A476E3200E747C2 /* ViewModel */ = {
			isa = PBXGroup;
			children = (
				544DFDCA2A476E2E00E747C2 /* RegistrationViewModel.swift */,
				544DFDCD2A482A9200E747C2 /* LoginViewModel.swift */,
			);
			path = ViewModel;
			sourceTree = "<group>";
		};
		544DFDD52A48A13700E747C2 /* View */ = {
			isa = PBXGroup;
			children = (
				545DE65F2A44C802006C3EE3 /* ProfileView.swift */,
				544DFDD32A489A5400E747C2 /* EditProfileView.swift */,
				544DFDA92A46F38B00E747C2 /* SecondPersonProfileView.swift */,
			);
			path = View;
			sourceTree = "<group>";
		};
		544DFDD62A48A14400E747C2 /* ViewModel */ = {
			isa = PBXGroup;
			children = (
				544DFDD72A48A15400E747C2 /* EditProfileViewModel.swift */,
			);
			path = ViewModel;
			sourceTree = "<group>";
		};
		544DFDEF2A49C3E600E747C2 /* View */ = {
			isa = PBXGroup;
			children = (
				544DFDB32A47416E00E747C2 /* UploadPost.swift */,
			);
			path = View;
			sourceTree = "<group>";
		};
		544DFDF02A49C3EE00E747C2 /* ViewModel */ = {
			isa = PBXGroup;
			children = (
				544DFDB52A4751C300E747C2 /* UploadPostViewModel.swift */,
			);
			path = ViewModel;
			sourceTree = "<group>";
		};
		544DFDF12A49C94700E747C2 /* View */ = {
			isa = PBXGroup;
			children = (
				545DE6642A44ED1C006C3EE3 /* FeedView.swift */,
				545DE6662A44ED23006C3EE3 /* FeedCell.swift */,
			);
			path = View;
			sourceTree = "<group>";
		};
		544DFDF42A49C96700E747C2 /* ViewModel */ = {
			isa = PBXGroup;
			children = (
				544DFDF22A49C96400E747C2 /* FeedViewModel.swift */,
			);
			path = ViewModel;
			sourceTree = "<group>";
		};
		545DE6342A44C2BB006C3EE3 = {
			isa = PBXGroup;
			children = (
				545DE63F2A44C2BB006C3EE3 /* InstagramClone */,
				545DE63E2A44C2BB006C3EE3 /* Products */,
			);
			sourceTree = "<group>";
		};
		545DE63E2A44C2BB006C3EE3 /* Products */ = {
			isa = PBXGroup;
			children = (
				545DE63D2A44C2BB006C3EE3 /* InstagramClone.app */,
			);
			name = Products;
			sourceTree = "<group>";
		};
		545DE63F2A44C2BB006C3EE3 /* InstagramClone */ = {
			isa = PBXGroup;
			children = (
				545DE6522A44C2DC006C3EE3 /* App */,
				545DE6512A44C2DA006C3EE3 /* Core */,
				545DE6502A44C2D9006C3EE3 /* Extension */,
				545DE64E2A44C2D2006C3EE3 /* Model */,
				545DE6532A44C31C006C3EE3 /* Service */,
				544DFDB72A4761A400E747C2 /* GoogleService-Info.plist */,
				545DE6442A44C2BC006C3EE3 /* Assets.xcassets */,
				545DE6462A44C2BC006C3EE3 /* Preview Content */,
			);
			path = InstagramClone;
			sourceTree = "<group>";
		};
		545DE6462A44C2BC006C3EE3 /* Preview Content */ = {
			isa = PBXGroup;
			children = (
				545DE6472A44C2BC006C3EE3 /* Preview Assets.xcassets */,
			);
			path = "Preview Content";
			sourceTree = "<group>";
		};
		545DE64E2A44C2D2006C3EE3 /* Model */ = {
			isa = PBXGroup;
			children = (
				544DFDA72A45AA0400E747C2 /* User.swift */,
				544DFDAB2A47017100E747C2 /* Post.swift */,
			);
			path = Model;
			sourceTree = "<group>";
		};
		545DE6502A44C2D9006C3EE3 /* Extension */ = {
			isa = PBXGroup;
			children = (
			);
			path = Extension;
			sourceTree = "<group>";
		};
		545DE6512A44C2DA006C3EE3 /* Core */ = {
			isa = PBXGroup;
			children = (
				545DE6612A44D024006C3EE3 /* Components */,
				545DE6542A44C42C006C3EE3 /* Authentication */,
				545DE6552A44C437006C3EE3 /* Feed */,
				545DE6582A44C45E006C3EE3 /* Profile */,
				545DE6572A44C452006C3EE3 /* Root */,
				545DE6562A44C43C006C3EE3 /* Search */,
				545DE65A2A44C50C006C3EE3 /* Tabbar */,
				545DE6592A44C506006C3EE3 /* UploadPost */,
			);
			path = Core;
			sourceTree = "<group>";
		};
		545DE6522A44C2DC006C3EE3 /* App */ = {
			isa = PBXGroup;
			children = (
				545DE6402A44C2BB006C3EE3 /* InstagramCloneApp.swift */,
			);
			path = App;
			sourceTree = "<group>";
		};
		545DE6532A44C31C006C3EE3 /* Service */ = {
			isa = PBXGroup;
			children = (
				544DFDCF2A484EEC00E747C2 /* UserService.swift */,
				543918F42A4AEB13001DC414 /* PostService.swift */,
				544DFDD92A48B7C200E747C2 /* ImageUploaderService.swift */,
			);
			path = Service;
			sourceTree = "<group>";
		};
		545DE6542A44C42C006C3EE3 /* Authentication */ = {
			isa = PBXGroup;
			children = (
				544DFDC32A4764B400E747C2 /* Service */,
				544DFDC22A47649700E747C2 /* View */,
				544DFDCC2A476E3200E747C2 /* ViewModel */,
			);
			path = Authentication;
			sourceTree = "<group>";
		};
		545DE6552A44C437006C3EE3 /* Feed */ = {
			isa = PBXGroup;
			children = (
				544DFDF12A49C94700E747C2 /* View */,
				544DFDF42A49C96700E747C2 /* ViewModel */,
			);
			path = Feed;
			sourceTree = "<group>";
		};
		545DE6562A44C43C006C3EE3 /* Search */ = {
			isa = PBXGroup;
			children = (
				547B07422A44FC1B0088563B /* SearchView.swift */,
				544DFDD12A48504C00E747C2 /* SeachViewModel.swift */,
			);
			path = Search;
			sourceTree = "<group>";
		};
		545DE6572A44C452006C3EE3 /* Root */ = {
			isa = PBXGroup;
			children = (
				544DFDC62A4766C000E747C2 /* View */,
				544DFDC92A4766D300E747C2 /* ViewModel */,
			);
			path = Root;
			sourceTree = "<group>";
		};
		545DE6582A44C45E006C3EE3 /* Profile */ = {
			isa = PBXGroup;
			children = (
				544DFDD62A48A14400E747C2 /* ViewModel */,
				544DFDD52A48A13700E747C2 /* View */,
			);
			path = Profile;
			sourceTree = "<group>";
		};
		545DE6592A44C506006C3EE3 /* UploadPost */ = {
			isa = PBXGroup;
			children = (
				544DFDEF2A49C3E600E747C2 /* View */,
				544DFDF02A49C3EE00E747C2 /* ViewModel */,
			);
			path = UploadPost;
			sourceTree = "<group>";
		};
		545DE65A2A44C50C006C3EE3 /* Tabbar */ = {
			isa = PBXGroup;
			children = (
				545DE65D2A44C608006C3EE3 /* MainTabView.swift */,
			);
			path = Tabbar;
			sourceTree = "<group>";
		};
		545DE6612A44D024006C3EE3 /* Components */ = {
			isa = PBXGroup;
			children = (
				543918F62A4AEE1D001DC414 /* View */,
				543918F72A4AEE44001DC414 /* PostGridViewModel.swift */,
			);
			path = Components;
			sourceTree = "<group>";
		};
/* End PBXGroup section */

/* Begin PBXNativeTarget section */
		545DE63C2A44C2BB006C3EE3 /* InstagramClone */ = {
			isa = PBXNativeTarget;
			buildConfigurationList = 545DE64B2A44C2BC006C3EE3 /* Build configuration list for PBXNativeTarget "InstagramClone" */;
			buildPhases = (
				545DE6392A44C2BB006C3EE3 /* Sources */,
				545DE63A2A44C2BB006C3EE3 /* Frameworks */,
				545DE63B2A44C2BB006C3EE3 /* Resources */,
			);
			buildRules = (
			);
			dependencies = (
			);
			name = InstagramClone;
			packageProductDependencies = (
				544DFDBA2A47642B00E747C2 /* FirebaseAuth */,
				544DFDBC2A47642B00E747C2 /* FirebaseFirestore */,
				544DFDBE2A47642B00E747C2 /* FirebaseFirestoreSwift */,
				544DFDC02A47642B00E747C2 /* FirebaseStorage */,
				544DFDDC2A48BBB900E747C2 /* Kingfisher */,
			);
			productName = InstagramClone;
			productReference = 545DE63D2A44C2BB006C3EE3 /* InstagramClone.app */;
			productType = "com.apple.product-type.application";
		};
/* End PBXNativeTarget section */

/* Begin PBXProject section */
		545DE6352A44C2BB006C3EE3 /* Project object */ = {
			isa = PBXProject;
			attributes = {
				BuildIndependentTargetsInParallel = 1;
				LastSwiftUpdateCheck = 1430;
				LastUpgradeCheck = 1430;
				TargetAttributes = {
					545DE63C2A44C2BB006C3EE3 = {
						CreatedOnToolsVersion = 14.3.1;
					};
				};
			};
			buildConfigurationList = 545DE6382A44C2BB006C3EE3 /* Build configuration list for PBXProject "InstagramClone" */;
			compatibilityVersion = "Xcode 14.0";
			developmentRegion = en;
			hasScannedForEncodings = 0;
			knownRegions = (
				en,
				Base,
			);
			mainGroup = 545DE6342A44C2BB006C3EE3;
			packageReferences = (
				544DFDB92A47642B00E747C2 /* XCRemoteSwiftPackageReference "firebase-ios-sdk" */,
				544DFDDB2A48BBB900E747C2 /* XCRemoteSwiftPackageReference "Kingfisher" */,
			);
			productRefGroup = 545DE63E2A44C2BB006C3EE3 /* Products */;
			projectDirPath = "";
			projectRoot = "";
			targets = (
				545DE63C2A44C2BB006C3EE3 /* InstagramClone */,
			);
		};
/* End PBXProject section */

/* Begin PBXResourcesBuildPhase section */
		545DE63B2A44C2BB006C3EE3 /* Resources */ = {
			isa = PBXResourcesBuildPhase;
			buildActionMask = 2147483647;
			files = (
				545DE6482A44C2BC006C3EE3 /* Preview Assets.xcassets in Resources */,
				545DE6452A44C2BC006C3EE3 /* Assets.xcassets in Resources */,
				544DFDB82A4761A400E747C2 /* GoogleService-Info.plist in Resources */,
			);
			runOnlyForDeploymentPostprocessing = 0;
		};
/* End PBXResourcesBuildPhase section */

/* Begin PBXSourcesBuildPhase section */
		545DE6392A44C2BB006C3EE3 /* Sources */ = {
			isa = PBXSourcesBuildPhase;
			buildActionMask = 2147483647;
			files = (
				545DE6672A44ED23006C3EE3 /* FeedCell.swift in Sources */,
				545DE6602A44C802006C3EE3 /* ProfileView.swift in Sources */,
				544DFDD22A48504C00E747C2 /* SeachViewModel.swift in Sources */,
				544DFDA22A459DC400E747C2 /* CreateUserNameView.swift in Sources */,
				545DE6432A44C2BB006C3EE3 /* ContentView.swift in Sources */,
				544DFDD82A48A15400E747C2 /* EditProfileViewModel.swift in Sources */,
				544DFDAC2A47017100E747C2 /* Post.swift in Sources */,
				544DFDC52A4764C100E747C2 /* AuthService.swift in Sources */,
				544DFDDA2A48B7C200E747C2 /* ImageUploaderService.swift in Sources */,
				544DFDD02A484EEC00E747C2 /* UserService.swift in Sources */,
				544DFD9C2A4565E200E747C2 /* LoginView.swift in Sources */,
				545DE6412A44C2BB006C3EE3 /* InstagramCloneApp.swift in Sources */,
				544DFD9E2A4572B800E747C2 /* AddEmailView.swift in Sources */,
				544DFDB02A47398200E747C2 /* PostGridView.swift in Sources */,
				544DFDF32A49C96400E747C2 /* FeedViewModel.swift in Sources */,
				544DFDAA2A46F38B00E747C2 /* SecondPersonProfileView.swift in Sources */,
				543918F52A4AEB13001DC414 /* PostService.swift in Sources */,
				544DFDB42A47416E00E747C2 /* UploadPost.swift in Sources */,
				543918F82A4AEE44001DC414 /* PostGridViewModel.swift in Sources */,
				544DFDD42A489A5400E747C2 /* EditProfileView.swift in Sources */,
				544DFDC82A4766CF00E747C2 /* ContentViewModel.swift in Sources */,
				544DFDCE2A482A9200E747C2 /* LoginViewModel.swift in Sources */,
				544DFDCB2A476E2E00E747C2 /* RegistrationViewModel.swift in Sources */,
				544DFDB62A4751C300E747C2 /* UploadPostViewModel.swift in Sources */,
				544DFDB22A473B5700E747C2 /* ProfileHeaderView.swift in Sources */,
				547B07432A44FC1B0088563B /* SearchView.swift in Sources */,
				544DFDA82A45AA0400E747C2 /* User.swift in Sources */,
				544DFDA02A4577A900E747C2 /* IGTextFieldModifier.swift in Sources */,
				544DFDA62A45A47C00E747C2 /* CompleteSignupView.swift in Sources */,
				545DE6632A44D03E006C3EE3 /* UserStatView.swift in Sources */,
				544DFDE12A48BC0F00E747C2 /* CircularProfileImageView.swift in Sources */,
				545DE6652A44ED1C006C3EE3 /* FeedView.swift in Sources */,
				545DE65E2A44C608006C3EE3 /* MainTabView.swift in Sources */,
				544DFDA42A45A37000E747C2 /* CreatePasswordView.swift in Sources */,
			);
			runOnlyForDeploymentPostprocessing = 0;
		};
/* End PBXSourcesBuildPhase section */

/* Begin XCBuildConfiguration section */
		545DE6492A44C2BC006C3EE3 /* Debug */ = {
			isa = XCBuildConfiguration;
			buildSettings = {
				ALWAYS_SEARCH_USER_PATHS = NO;
				CLANG_ANALYZER_NONNULL = YES;
				CLANG_ANALYZER_NUMBER_OBJECT_CONVERSION = YES_AGGRESSIVE;
				CLANG_CXX_LANGUAGE_STANDARD = "gnu++20";
				CLANG_ENABLE_MODULES = YES;
				CLANG_ENABLE_OBJC_ARC = YES;
				CLANG_ENABLE_OBJC_WEAK = YES;
				CLANG_WARN_BLOCK_CAPTURE_AUTORELEASING = YES;
				CLANG_WARN_BOOL_CONVERSION = YES;
				CLANG_WARN_COMMA = YES;
				CLANG_WARN_CONSTANT_CONVERSION = YES;
				CLANG_WARN_DEPRECATED_OBJC_IMPLEMENTATIONS = YES;
				CLANG_WARN_DIRECT_OBJC_ISA_USAGE = YES_ERROR;
				CLANG_WARN_DOCUMENTATION_COMMENTS = YES;
				CLANG_WARN_EMPTY_BODY = YES;
				CLANG_WARN_ENUM_CONVERSION = YES;
				CLANG_WARN_INFINITE_RECURSION = YES;
				CLANG_WARN_INT_CONVERSION = YES;
				CLANG_WARN_NON_LITERAL_NULL_CONVERSION = YES;
				CLANG_WARN_OBJC_IMPLICIT_RETAIN_SELF = YES;
				CLANG_WARN_OBJC_LITERAL_CONVERSION = YES;
				CLANG_WARN_OBJC_ROOT_CLASS = YES_ERROR;
				CLANG_WARN_QUOTED_INCLUDE_IN_FRAMEWORK_HEADER = YES;
				CLANG_WARN_RANGE_LOOP_ANALYSIS = YES;
				CLANG_WARN_STRICT_PROTOTYPES = YES;
				CLANG_WARN_SUSPICIOUS_MOVE = YES;
				CLANG_WARN_UNGUARDED_AVAILABILITY = YES_AGGRESSIVE;
				CLANG_WARN_UNREACHABLE_CODE = YES;
				CLANG_WARN__DUPLICATE_METHOD_MATCH = YES;
				COPY_PHASE_STRIP = NO;
				DEBUG_INFORMATION_FORMAT = dwarf;
				ENABLE_STRICT_OBJC_MSGSEND = YES;
				ENABLE_TESTABILITY = YES;
				GCC_C_LANGUAGE_STANDARD = gnu11;
				GCC_DYNAMIC_NO_PIC = NO;
				GCC_NO_COMMON_BLOCKS = YES;
				GCC_OPTIMIZATION_LEVEL = 0;
				GCC_PREPROCESSOR_DEFINITIONS = (
					"DEBUG=1",
					"$(inherited)",
				);
				GCC_WARN_64_TO_32_BIT_CONVERSION = YES;
				GCC_WARN_ABOUT_RETURN_TYPE = YES_ERROR;
				GCC_WARN_UNDECLARED_SELECTOR = YES;
				GCC_WARN_UNINITIALIZED_AUTOS = YES_AGGRESSIVE;
				GCC_WARN_UNUSED_FUNCTION = YES;
				GCC_WARN_UNUSED_VARIABLE = YES;
				IPHONEOS_DEPLOYMENT_TARGET = 16.4;
				MTL_ENABLE_DEBUG_INFO = INCLUDE_SOURCE;
				MTL_FAST_MATH = YES;
				ONLY_ACTIVE_ARCH = YES;
				SDKROOT = iphoneos;
				SWIFT_ACTIVE_COMPILATION_CONDITIONS = DEBUG;
				SWIFT_OPTIMIZATION_LEVEL = "-Onone";
			};
			name = Debug;
		};
		545DE64A2A44C2BC006C3EE3 /* Release */ = {
			isa = XCBuildConfiguration;
			buildSettings = {
				ALWAYS_SEARCH_USER_PATHS = NO;
				CLANG_ANALYZER_NONNULL = YES;
				CLANG_ANALYZER_NUMBER_OBJECT_CONVERSION = YES_AGGRESSIVE;
				CLANG_CXX_LANGUAGE_STANDARD = "gnu++20";
				CLANG_ENABLE_MODULES = YES;
				CLANG_ENABLE_OBJC_ARC = YES;
				CLANG_ENABLE_OBJC_WEAK = YES;
				CLANG_WARN_BLOCK_CAPTURE_AUTORELEASING = YES;
				CLANG_WARN_BOOL_CONVERSION = YES;
				CLANG_WARN_COMMA = YES;
				CLANG_WARN_CONSTANT_CONVERSION = YES;
				CLANG_WARN_DEPRECATED_OBJC_IMPLEMENTATIONS = YES;
				CLANG_WARN_DIRECT_OBJC_ISA_USAGE = YES_ERROR;
				CLANG_WARN_DOCUMENTATION_COMMENTS = YES;
				CLANG_WARN_EMPTY_BODY = YES;
				CLANG_WARN_ENUM_CONVERSION = YES;
				CLANG_WARN_INFINITE_RECURSION = YES;
				CLANG_WARN_INT_CONVERSION = YES;
				CLANG_WARN_NON_LITERAL_NULL_CONVERSION = YES;
				CLANG_WARN_OBJC_IMPLICIT_RETAIN_SELF = YES;
				CLANG_WARN_OBJC_LITERAL_CONVERSION = YES;
				CLANG_WARN_OBJC_ROOT_CLASS = YES_ERROR;
				CLANG_WARN_QUOTED_INCLUDE_IN_FRAMEWORK_HEADER = YES;
				CLANG_WARN_RANGE_LOOP_ANALYSIS = YES;
				CLANG_WARN_STRICT_PROTOTYPES = YES;
				CLANG_WARN_SUSPICIOUS_MOVE = YES;
				CLANG_WARN_UNGUARDED_AVAILABILITY = YES_AGGRESSIVE;
				CLANG_WARN_UNREACHABLE_CODE = YES;
				CLANG_WARN__DUPLICATE_METHOD_MATCH = YES;
				COPY_PHASE_STRIP = NO;
				DEBUG_INFORMATION_FORMAT = "dwarf-with-dsym";
				ENABLE_NS_ASSERTIONS = NO;
				ENABLE_STRICT_OBJC_MSGSEND = YES;
				GCC_C_LANGUAGE_STANDARD = gnu11;
				GCC_NO_COMMON_BLOCKS = YES;
				GCC_WARN_64_TO_32_BIT_CONVERSION = YES;
				GCC_WARN_ABOUT_RETURN_TYPE = YES_ERROR;
				GCC_WARN_UNDECLARED_SELECTOR = YES;
				GCC_WARN_UNINITIALIZED_AUTOS = YES_AGGRESSIVE;
				GCC_WARN_UNUSED_FUNCTION = YES;
				GCC_WARN_UNUSED_VARIABLE = YES;
				IPHONEOS_DEPLOYMENT_TARGET = 16.4;
				MTL_ENABLE_DEBUG_INFO = NO;
				MTL_FAST_MATH = YES;
				SDKROOT = iphoneos;
				SWIFT_COMPILATION_MODE = wholemodule;
				SWIFT_OPTIMIZATION_LEVEL = "-O";
				VALIDATE_PRODUCT = YES;
			};
			name = Release;
		};
		545DE64C2A44C2BC006C3EE3 /* Debug */ = {
			isa = XCBuildConfiguration;
			buildSettings = {
				ASSETCATALOG_COMPILER_APPICON_NAME = AppIcon;
				ASSETCATALOG_COMPILER_GLOBAL_ACCENT_COLOR_NAME = AccentColor;
				CODE_SIGN_STYLE = Automatic;
				CURRENT_PROJECT_VERSION = 1;
				DEVELOPMENT_ASSET_PATHS = "\"InstagramClone/Preview Content\"";
				DEVELOPMENT_TEAM = 2R35F38UKF;
				ENABLE_PREVIEWS = YES;
				GENERATE_INFOPLIST_FILE = YES;
				INFOPLIST_KEY_UIApplicationSceneManifest_Generation = YES;
				INFOPLIST_KEY_UIApplicationSupportsIndirectInputEvents = YES;
				INFOPLIST_KEY_UILaunchScreen_Generation = YES;
				INFOPLIST_KEY_UISupportedInterfaceOrientations_iPad = "UIInterfaceOrientationPortrait UIInterfaceOrientationPortraitUpsideDown UIInterfaceOrientationLandscapeLeft UIInterfaceOrientationLandscapeRight";
				INFOPLIST_KEY_UISupportedInterfaceOrientations_iPhone = "UIInterfaceOrientationPortrait UIInterfaceOrientationLandscapeLeft UIInterfaceOrientationLandscapeRight";
				LD_RUNPATH_SEARCH_PATHS = (
					"$(inherited)",
					"@executable_path/Frameworks",
				);
				MARKETING_VERSION = 1.0;
				PRODUCT_BUNDLE_IDENTIFIER = com.ramdhas.InstagramClone;
				PRODUCT_NAME = "$(TARGET_NAME)";
				SWIFT_EMIT_LOC_STRINGS = YES;
				SWIFT_VERSION = 5.0;
				TARGETED_DEVICE_FAMILY = "1,2";
			};
			name = Debug;
		};
		545DE64D2A44C2BC006C3EE3 /* Release */ = {
			isa = XCBuildConfiguration;
			buildSettings = {
				ASSETCATALOG_COMPILER_APPICON_NAME = AppIcon;
				ASSETCATALOG_COMPILER_GLOBAL_ACCENT_COLOR_NAME = AccentColor;
				CODE_SIGN_STYLE = Automatic;
				CURRENT_PROJECT_VERSION = 1;
				DEVELOPMENT_ASSET_PATHS = "\"InstagramClone/Preview Content\"";
				DEVELOPMENT_TEAM = 2R35F38UKF;
				ENABLE_PREVIEWS = YES;
				GENERATE_INFOPLIST_FILE = YES;
				INFOPLIST_KEY_UIApplicationSceneManifest_Generation = YES;
				INFOPLIST_KEY_UIApplicationSupportsIndirectInputEvents = YES;
				INFOPLIST_KEY_UILaunchScreen_Generation = YES;
				INFOPLIST_KEY_UISupportedInterfaceOrientations_iPad = "UIInterfaceOrientationPortrait UIInterfaceOrientationPortraitUpsideDown UIInterfaceOrientationLandscapeLeft UIInterfaceOrientationLandscapeRight";
				INFOPLIST_KEY_UISupportedInterfaceOrientations_iPhone = "UIInterfaceOrientationPortrait UIInterfaceOrientationLandscapeLeft UIInterfaceOrientationLandscapeRight";
				LD_RUNPATH_SEARCH_PATHS = (
					"$(inherited)",
					"@executable_path/Frameworks",
				);
				MARKETING_VERSION = 1.0;
				PRODUCT_BUNDLE_IDENTIFIER = com.ramdhas.InstagramClone;
				PRODUCT_NAME = "$(TARGET_NAME)";
				SWIFT_EMIT_LOC_STRINGS = YES;
				SWIFT_VERSION = 5.0;
				TARGETED_DEVICE_FAMILY = "1,2";
			};
			name = Release;
		};
/* End XCBuildConfiguration section */

/* Begin XCConfigurationList section */
		545DE6382A44C2BB006C3EE3 /* Build configuration list for PBXProject "InstagramClone" */ = {
			isa = XCConfigurationList;
			buildConfigurations = (
				545DE6492A44C2BC006C3EE3 /* Debug */,
				545DE64A2A44C2BC006C3EE3 /* Release */,
			);
			defaultConfigurationIsVisible = 0;
			defaultConfigurationName = Release;
		};
		545DE64B2A44C2BC006C3EE3 /* Build configuration list for PBXNativeTarget "InstagramClone" */ = {
			isa = XCConfigurationList;
			buildConfigurations = (
				545DE64C2A44C2BC006C3EE3 /* Debug */,
				545DE64D2A44C2BC006C3EE3 /* Release */,
			);
			defaultConfigurationIsVisible = 0;
			defaultConfigurationName = Release;
		};
/* End XCConfigurationList section */

/* Begin XCRemoteSwiftPackageReference section */
		544DFDB92A47642B00E747C2 /* XCRemoteSwiftPackageReference "firebase-ios-sdk" */ = {
			isa = XCRemoteSwiftPackageReference;
			repositoryURL = "https://github.com/firebase/firebase-ios-sdk.git";
			requirement = {
				kind = upToNextMajorVersion;
				minimumVersion = 10.0.0;
			};
		};
		544DFDDB2A48BBB900E747C2 /* XCRemoteSwiftPackageReference "Kingfisher" */ = {
			isa = XCRemoteSwiftPackageReference;
			repositoryURL = "https://github.com/onevcat/Kingfisher.git";
			requirement = {
				kind = upToNextMajorVersion;
				minimumVersion = 7.0.0;
			};
		};
/* End XCRemoteSwiftPackageReference section */

/* Begin XCSwiftPackageProductDependency section */
		544DFDBA2A47642B00E747C2 /* FirebaseAuth */ = {
			isa = XCSwiftPackageProductDependency;
			package = 544DFDB92A47642B00E747C2 /* XCRemoteSwiftPackageReference "firebase-ios-sdk" */;
			productName = FirebaseAuth;
		};
		544DFDBC2A47642B00E747C2 /* FirebaseFirestore */ = {
			isa = XCSwiftPackageProductDependency;
			package = 544DFDB92A47642B00E747C2 /* XCRemoteSwiftPackageReference "firebase-ios-sdk" */;
			productName = FirebaseFirestore;
		};
		544DFDBE2A47642B00E747C2 /* FirebaseFirestoreSwift */ = {
			isa = XCSwiftPackageProductDependency;
			package = 544DFDB92A47642B00E747C2 /* XCRemoteSwiftPackageReference "firebase-ios-sdk" */;
			productName = FirebaseFirestoreSwift;
		};
		544DFDC02A47642B00E747C2 /* FirebaseStorage */ = {
			isa = XCSwiftPackageProductDependency;
			package = 544DFDB92A47642B00E747C2 /* XCRemoteSwiftPackageReference "firebase-ios-sdk" */;
			productName = FirebaseStorage;
		};
		544DFDDC2A48BBB900E747C2 /* Kingfisher */ = {
			isa = XCSwiftPackageProductDependency;
			package = 544DFDDB2A48BBB900E747C2 /* XCRemoteSwiftPackageReference "Kingfisher" */;
			productName = Kingfisher;
		};
/* End XCSwiftPackageProductDependency section */
	};
	rootObject = 545DE6352A44C2BB006C3EE3 /* Project object */;
}
